PODS:
  - AFNetworking (3.1.0):
    - AFNetworking/NSURLSession (= 3.1.0)
    - AFNetworking/Reachability (= 3.1.0)
    - AFNetworking/Security (= 3.1.0)
    - AFNetworking/Serialization (= 3.1.0)
    - AFNetworking/UIKit (= 3.1.0)
  - AFNetworking/NSURLSession (3.1.0):
    - AFNetworking/Reachability
    - AFNetworking/Security
    - AFNetworking/Serialization
  - AFNetworking/Reachability (3.1.0)
  - AFNetworking/Security (3.1.0)
  - AFNetworking/Serialization (3.1.0)
  - AFNetworking/UIKit (3.1.0):
    - AFNetworking/NSURLSession
  - CSSToolsProject (0.1.0):
    - AFNetworking

DEPENDENCIES:
  - CSSToolsProject (from `../`)

EXTERNAL SOURCES:
  CSSToolsProject:
    :path: "../"

SPEC CHECKSUMS:
  AFNetworking: 5e0e199f73d8626b11e79750991f5d173d1f8b67
  CSSToolsProject: aa7041e03e7ba1a1a98ec88f42a1ad260eadaeef

PODFILE CHECKSUM: 32033842d860ab88c83c3b9d84bd442a3cef2bb1

COCOAPODS: 1.1.1
